
Microsoft Visual Studio Solution File, Format Version 12.00
# Visual Studio 15
VisualStudioVersion = 15.0.27703.2035
MinimumVisualStudioVersion = 10.0.40219.1
Project("{FAE04EC0-301F-11D3-BF4B-00C04F79EFBC}") = "HobbitGame", "HobbitGame\HobbitGame.csproj", "{665CCCC6-925B-4E0C-88D1-B72567786BEC}"
EndProject
Global
	GlobalSection(SolutionConfigurationPlatforms) = preSolution
		Debug|Any CPU = Debug|Any CPU
		Release|Any CPU = Release|Any CPU
	EndGlobalSection
	GlobalSection(ProjectConfigurationPlatforms) = postSolution
		{665CCCC6-925B-4E0C-88D1-B72567786BEC}.Debug|Any CPU.ActiveCfg = Debug|Any CPU
		{665CCCC6-925B-4E0C-88D1-B72567786BEC}.Debug|Any CPU.Build.0 = Debug|Any CPU
		{665CCCC6-925B-4E0C-88D1-B72567786BEC}.Release|Any CPU.ActiveCfg = Release|Any CPU
		{665CCCC6-925B-4E0C-88D1-B72567786BEC}.Release|Any CPU.Build.0 = Release|Any CPU
	EndGlobalSection
	GlobalSection(SolutionProperties) = preSolution
		HideSolutionNode = FALSE
	EndGlobalSection
	GlobalSection(ExtensibilityGlobals) = postSolution
		SolutionGuid = {19BFD4E5-CF3A-418D-ABD9-4D4B028DB0ED}
	EndGlobalSection
EndGlobal
